
Microsoft Visual Studio Solution File, Format Version 12.00
# Visual Studio Version 16
VisualStudioVersion = 16.0.29709.97
MinimumVisualStudioVersion = 10.0.40219.1
Project("{FAE04EC0-301F-11D3-BF4B-00C04F79EFBC}") = "SchoolRecoedConsole", "SchoolRecoedConsole\SchoolRecoedConsole.csproj", "{830DE8AE-3697-4041-9910-6BEE2E8F6A4F}"
EndProject
Global
	GlobalSection(SolutionConfigurationPlatforms) = preSolution
		Debug|Any CPU = Debug|Any CPU
		Release|Any CPU = Release|Any CPU
	EndGlobalSection
	GlobalSection(ProjectConfigurationPlatforms) = postSolution
		{830DE8AE-3697-4041-9910-6BEE2E8F6A4F}.Debug|Any CPU.ActiveCfg = Debug|Any CPU
		{830DE8AE-3697-4041-9910-6BEE2E8F6A4F}.Debug|Any CPU.Build.0 = Debug|Any CPU
		{830DE8AE-3697-4041-9910-6BEE2E8F6A4F}.Release|Any CPU.ActiveCfg = Release|Any CPU
		{830DE8AE-3697-4041-9910-6BEE2E8F6A4F}.Release|Any CPU.Build.0 = Release|Any CPU
	EndGlobalSection
	GlobalSection(SolutionProperties) = preSolution
		HideSolutionNode = FALSE
	EndGlobalSection
	GlobalSection(ExtensibilityGlobals) = postSolution
		SolutionGuid = {8106681A-91B5-4BF5-83E1-E7A324C9942F}
	EndGlobalSection
EndGlobal
